// !$*UTF8*$!
{
	archiveVersion = 1;
	classes = {
	};
	objectVersion = 56;
	objects = {

/* Begin PBXBuildFile section */
		80E3A82532235D9F42E3722C /* Pods_RADO.framework in Frameworks */ = {isa = PBXBuildFile; fileRef = 291050C0CACDE63092304359 /* Pods_RADO.framework */; };
		881E58A82A345E470061BE04 /* OFL.txt in Resources */ = {isa = PBXBuildFile; fileRef = 881E58A52A345E470061BE04 /* OFL.txt */; };
		881E58A92A345E470061BE04 /* PTSansNarrow-Regular.ttf in Resources */ = {isa = PBXBuildFile; fileRef = 881E58A62A345E470061BE04 /* PTSansNarrow-Regular.ttf */; };
		881E58AA2A345E470061BE04 /* PTSansNarrow-Bold.otf in Resources */ = {isa = PBXBuildFile; fileRef = 881E58A72A345E470061BE04 /* PTSansNarrow-Bold.otf */; };
		887A04232A3159E200F02845 /* FirstSignupViewController.swift in Sources */ = {isa = PBXBuildFile; fileRef = 887A04222A3159E200F02845 /* FirstSignupViewController.swift */; };
		887A042A2A31B08800F02845 /* SecondSignupViewController.swift in Sources */ = {isa = PBXBuildFile; fileRef = 887A04292A31B08800F02845 /* SecondSignupViewController.swift */; };
		887A042E2A32065300F02845 /* FirstLoginViewController.swift in Sources */ = {isa = PBXBuildFile; fileRef = 887A042D2A32065300F02845 /* FirstLoginViewController.swift */; };
		887A04302A32165400F02845 /* MainFeedViewController.swift in Sources */ = {isa = PBXBuildFile; fileRef = 887A042F2A32165400F02845 /* MainFeedViewController.swift */; };
		88B53F832A30B7C0003DEE96 /* AppDelegate.swift in Sources */ = {isa = PBXBuildFile; fileRef = 88B53F822A30B7C0003DEE96 /* AppDelegate.swift */; };
		88B53F852A30B7C0003DEE96 /* SceneDelegate.swift in Sources */ = {isa = PBXBuildFile; fileRef = 88B53F842A30B7C0003DEE96 /* SceneDelegate.swift */; };
		88B53F872A30B7C0003DEE96 /* StartingPageViewController.swift in Sources */ = {isa = PBXBuildFile; fileRef = 88B53F862A30B7C0003DEE96 /* StartingPageViewController.swift */; };
		88B53F8C2A30B7C1003DEE96 /* Assets.xcassets in Resources */ = {isa = PBXBuildFile; fileRef = 88B53F8B2A30B7C1003DEE96 /* Assets.xcassets */; };
		88B53F8F2A30B7C1003DEE96 /* LaunchScreen.storyboard in Resources */ = {isa = PBXBuildFile; fileRef = 88B53F8D2A30B7C1003DEE96 /* LaunchScreen.storyboard */; };
		88BB6AA22A32B1BC00110798 /* CustomCell.swift in Sources */ = {isa = PBXBuildFile; fileRef = 88BB6AA12A32B1BC00110798 /* CustomCell.swift */; };
/* End PBXBuildFile section */

/* Begin PBXFileReference section */
		291050C0CACDE63092304359 /* Pods_RADO.framework */ = {isa = PBXFileReference; explicitFileType = wrapper.framework; includeInIndex = 0; path = Pods_RADO.framework; sourceTree = BUILT_PRODUCTS_DIR; };
		7AB1FB23B6B55A8900FB3060 /* Pods-RADO.release.xcconfig */ = {isa = PBXFileReference; includeInIndex = 1; lastKnownFileType = text.xcconfig; name = "Pods-RADO.release.xcconfig"; path = "Target Support Files/Pods-RADO/Pods-RADO.release.xcconfig"; sourceTree = "<group>"; };
		881E58A52A345E470061BE04 /* OFL.txt */ = {isa = PBXFileReference; fileEncoding = 4; lastKnownFileType = text; path = OFL.txt; sourceTree = "<group>"; };
		881E58A62A345E470061BE04 /* PTSansNarrow-Regular.ttf */ = {isa = PBXFileReference; lastKnownFileType = file; path = "PTSansNarrow-Regular.ttf"; sourceTree = "<group>"; };
		881E58A72A345E470061BE04 /* PTSansNarrow-Bold.otf */ = {isa = PBXFileReference; lastKnownFileType = file; path = "PTSansNarrow-Bold.otf"; sourceTree = "<group>"; };
		887A04222A3159E200F02845 /* FirstSignupViewController.swift */ = {isa = PBXFileReference; lastKnownFileType = sourcecode.swift; path = FirstSignupViewController.swift; sourceTree = "<group>"; };
		887A04292A31B08800F02845 /* SecondSignupViewController.swift */ = {isa = PBXFileReference; lastKnownFileType = sourcecode.swift; path = SecondSignupViewController.swift; sourceTree = "<group>"; };
		887A042D2A32065300F02845 /* FirstLoginViewController.swift */ = {isa = PBXFileReference; lastKnownFileType = sourcecode.swift; name = FirstLoginViewController.swift; path = Font/FirstLoginViewController.swift; sourceTree = "<group>"; };
		887A042F2A32165400F02845 /* MainFeedViewController.swift */ = {isa = PBXFileReference; lastKnownFileType = sourcecode.swift; path = MainFeedViewController.swift; sourceTree = "<group>"; };
		88B53F7F2A30B7C0003DEE96 /* RADO.app */ = {isa = PBXFileReference; explicitFileType = wrapper.application; includeInIndex = 0; path = RADO.app; sourceTree = BUILT_PRODUCTS_DIR; };
		88B53F822A30B7C0003DEE96 /* AppDelegate.swift */ = {isa = PBXFileReference; lastKnownFileType = sourcecode.swift; path = AppDelegate.swift; sourceTree = "<group>"; };
		88B53F842A30B7C0003DEE96 /* SceneDelegate.swift */ = {isa = PBXFileReference; lastKnownFileType = sourcecode.swift; path = SceneDelegate.swift; sourceTree = "<group>"; };
		88B53F862A30B7C0003DEE96 /* StartingPageViewController.swift */ = {isa = PBXFileReference; lastKnownFileType = sourcecode.swift; path = StartingPageViewController.swift; sourceTree = "<group>"; };
		88B53F8B2A30B7C1003DEE96 /* Assets.xcassets */ = {isa = PBXFileReference; lastKnownFileType = folder.assetcatalog; path = Assets.xcassets; sourceTree = "<group>"; };
		88B53F8E2A30B7C1003DEE96 /* Base */ = {isa = PBXFileReference; lastKnownFileType = file.storyboard; name = Base; path = Base.lproj/LaunchScreen.storyboard; sourceTree = "<group>"; };
		88B53F902A30B7C1003DEE96 /* Info.plist */ = {isa = PBXFileReference; lastKnownFileType = text.plist.xml; path = Info.plist; sourceTree = "<group>"; };
		88BB6AA12A32B1BC00110798 /* CustomCell.swift */ = {isa = PBXFileReference; lastKnownFileType = sourcecode.swift; path = CustomCell.swift; sourceTree = "<group>"; };
		A5FBA004E582F0D3C7E9A899 /* Pods-RADO.debug.xcconfig */ = {isa = PBXFileReference; includeInIndex = 1; lastKnownFileType = text.xcconfig; name = "Pods-RADO.debug.xcconfig"; path = "Target Support Files/Pods-RADO/Pods-RADO.debug.xcconfig"; sourceTree = "<group>"; };
/* End PBXFileReference section */

/* Begin PBXFrameworksBuildPhase section */
		88B53F7C2A30B7C0003DEE96 /* Frameworks */ = {
			isa = PBXFrameworksBuildPhase;
			buildActionMask = 2147483647;
			files = (
				80E3A82532235D9F42E3722C /* Pods_RADO.framework in Frameworks */,
			);
			runOnlyForDeploymentPostprocessing = 0;
		};
/* End PBXFrameworksBuildPhase section */

/* Begin PBXGroup section */
		30A5571109A0BAD0D8E25E55 /* Frameworks */ = {
			isa = PBXGroup;
			children = (
				291050C0CACDE63092304359 /* Pods_RADO.framework */,
			);
			name = Frameworks;
			sourceTree = "<group>";
		};
		881E58A42A345DDA0061BE04 /* PTSans */ = {
			isa = PBXGroup;
			children = (
				881E58A52A345E470061BE04 /* OFL.txt */,
				881E58A72A345E470061BE04 /* PTSansNarrow-Bold.otf */,
				881E58A62A345E470061BE04 /* PTSansNarrow-Regular.ttf */,
			);
			path = PTSans;
			sourceTree = "<group>";
		};
		88B53F762A30B7C0003DEE96 = {
			isa = PBXGroup;
			children = (
				88B53F812A30B7C0003DEE96 /* RADO */,
				88B53F802A30B7C0003DEE96 /* Products */,
				ED85EAF1DEC2864DFFF10938 /* Pods */,
				30A5571109A0BAD0D8E25E55 /* Frameworks */,
			);
			sourceTree = "<group>";
		};
		88B53F802A30B7C0003DEE96 /* Products */ = {
			isa = PBXGroup;
			children = (
				88B53F7F2A30B7C0003DEE96 /* RADO.app */,
			);
			name = Products;
			sourceTree = "<group>";
		};
		88B53F812A30B7C0003DEE96 /* RADO */ = {
			isa = PBXGroup;
			children = (
				88B53F822A30B7C0003DEE96 /* AppDelegate.swift */,
				88B53F842A30B7C0003DEE96 /* SceneDelegate.swift */,
				88B53F862A30B7C0003DEE96 /* StartingPageViewController.swift */,
				887A042D2A32065300F02845 /* FirstLoginViewController.swift */,
				887A04222A3159E200F02845 /* FirstSignupViewController.swift */,
				887A04292A31B08800F02845 /* SecondSignupViewController.swift */,
				887A042F2A32165400F02845 /* MainFeedViewController.swift */,
				88BB6AA12A32B1BC00110798 /* CustomCell.swift */,
				88B53F8B2A30B7C1003DEE96 /* Assets.xcassets */,
				88B53F8D2A30B7C1003DEE96 /* LaunchScreen.storyboard */,
				88B53F902A30B7C1003DEE96 /* Info.plist */,
				881E58A42A345DDA0061BE04 /* PTSans */,
			);
			path = RADO;
			sourceTree = "<group>";
		};
		ED85EAF1DEC2864DFFF10938 /* Pods */ = {
			isa = PBXGroup;
			children = (
				A5FBA004E582F0D3C7E9A899 /* Pods-RADO.debug.xcconfig */,
				7AB1FB23B6B55A8900FB3060 /* Pods-RADO.release.xcconfig */,
			);
			path = Pods;
			sourceTree = "<group>";
		};
/* End PBXGroup section */

/* Begin PBXNativeTarget section */
		88B53F7E2A30B7C0003DEE96 /* RADO */ = {
			isa = PBXNativeTarget;
			buildConfigurationList = 88B53F932A30B7C1003DEE96 /* Build configuration list for PBXNativeTarget "RADO" */;
			buildPhases = (
				2D270EA6A65A92317A6AACC6 /* [CP] Check Pods Manifest.lock */,
				88B53F7B2A30B7C0003DEE96 /* Sources */,
				88B53F7C2A30B7C0003DEE96 /* Frameworks */,
				88B53F7D2A30B7C0003DEE96 /* Resources */,
				B56AB7ABC050A6A72B59947C /* [CP] Embed Pods Frameworks */,
			);
			buildRules = (
			);
			dependencies = (
			);
			name = RADO;
			productName = RADO;
			productReference = 88B53F7F2A30B7C0003DEE96 /* RADO.app */;
			productType = "com.apple.product-type.application";
		};
/* End PBXNativeTarget section */

/* Begin PBXProject section */
		88B53F772A30B7C0003DEE96 /* Project object */ = {
			isa = PBXProject;
			attributes = {
				BuildIndependentTargetsInParallel = 1;
				LastSwiftUpdateCheck = 1430;
				LastUpgradeCheck = 1430;
				TargetAttributes = {
					88B53F7E2A30B7C0003DEE96 = {
						CreatedOnToolsVersion = 14.3.1;
					};
				};
			};
			buildConfigurationList = 88B53F7A2A30B7C0003DEE96 /* Build configuration list for PBXProject "RADO" */;
			compatibilityVersion = "Xcode 14.0";
			developmentRegion = en;
			hasScannedForEncodings = 0;
			knownRegions = (
				en,
				Base,
			);
			mainGroup = 88B53F762A30B7C0003DEE96;
			productRefGroup = 88B53F802A30B7C0003DEE96 /* Products */;
			projectDirPath = "";
			projectRoot = "";
			targets = (
				88B53F7E2A30B7C0003DEE96 /* RADO */,
			);
		};
/* End PBXProject section */

/* Begin PBXResourcesBuildPhase section */
		88B53F7D2A30B7C0003DEE96 /* Resources */ = {
			isa = PBXResourcesBuildPhase;
			buildActionMask = 2147483647;
			files = (
				881E58A82A345E470061BE04 /* OFL.txt in Resources */,
				881E58A92A345E470061BE04 /* PTSansNarrow-Regular.ttf in Resources */,
				881E58AA2A345E470061BE04 /* PTSansNarrow-Bold.otf in Resources */,
				88B53F8F2A30B7C1003DEE96 /* LaunchScreen.storyboard in Resources */,
				88B53F8C2A30B7C1003DEE96 /* Assets.xcassets in Resources */,
			);
			runOnlyForDeploymentPostprocessing = 0;
		};
/* End PBXResourcesBuildPhase section */

/* Begin PBXShellScriptBuildPhase section */
		2D270EA6A65A92317A6AACC6 /* [CP] Check Pods Manifest.lock */ = {
			isa = PBXShellScriptBuildPhase;
			buildActionMask = 2147483647;
			files = (
			);
			inputFileListPaths = (
			);
			inputPaths = (
				"${PODS_PODFILE_DIR_PATH}/Podfile.lock",
				"${PODS_ROOT}/Manifest.lock",
			);
			name = "[CP] Check Pods Manifest.lock";
			outputFileListPaths = (
			);
			outputPaths = (
				"$(DERIVED_FILE_DIR)/Pods-RADO-checkManifestLockResult.txt",
			);
			runOnlyForDeploymentPostprocessing = 0;
			shellPath = /bin/sh;
			shellScript = "diff \"${PODS_PODFILE_DIR_PATH}/Podfile.lock\" \"${PODS_ROOT}/Manifest.lock\" > /dev/null\nif [ $? != 0 ] ; then\n    # print error to STDERR\n    echo \"error: The sandbox is not in sync with the Podfile.lock. Run 'pod install' or update your CocoaPods installation.\" >&2\n    exit 1\nfi\n# This output is used by Xcode 'outputs' to avoid re-running this script phase.\necho \"SUCCESS\" > \"${SCRIPT_OUTPUT_FILE_0}\"\n";
			showEnvVarsInLog = 0;
		};
		B56AB7ABC050A6A72B59947C /* [CP] Embed Pods Frameworks */ = {
			isa = PBXShellScriptBuildPhase;
			buildActionMask = 2147483647;
			files = (
			);
			inputFileListPaths = (
				"${PODS_ROOT}/Target Support Files/Pods-RADO/Pods-RADO-frameworks-${CONFIGURATION}-input-files.xcfilelist",
			);
			name = "[CP] Embed Pods Frameworks";
			outputFileListPaths = (
				"${PODS_ROOT}/Target Support Files/Pods-RADO/Pods-RADO-frameworks-${CONFIGURATION}-output-files.xcfilelist",
			);
			runOnlyForDeploymentPostprocessing = 0;
			shellPath = /bin/sh;
			shellScript = "\"${PODS_ROOT}/Target Support Files/Pods-RADO/Pods-RADO-frameworks.sh\"\n";
			showEnvVarsInLog = 0;
		};
/* End PBXShellScriptBuildPhase section */

/* Begin PBXSourcesBuildPhase section */
		88B53F7B2A30B7C0003DEE96 /* Sources */ = {
			isa = PBXSourcesBuildPhase;
			buildActionMask = 2147483647;
			files = (
				88B53F872A30B7C0003DEE96 /* StartingPageViewController.swift in Sources */,
				88B53F832A30B7C0003DEE96 /* AppDelegate.swift in Sources */,
				887A04232A3159E200F02845 /* FirstSignupViewController.swift in Sources */,
				887A04302A32165400F02845 /* MainFeedViewController.swift in Sources */,
				88B53F852A30B7C0003DEE96 /* SceneDelegate.swift in Sources */,
				887A042A2A31B08800F02845 /* SecondSignupViewController.swift in Sources */,
				88BB6AA22A32B1BC00110798 /* CustomCell.swift in Sources */,
				887A042E2A32065300F02845 /* FirstLoginViewController.swift in Sources */,
			);
			runOnlyForDeploymentPostprocessing = 0;
		};
/* End PBXSourcesBuildPhase section */

/* Begin PBXVariantGroup section */
		88B53F8D2A30B7C1003DEE96 /* LaunchScreen.storyboard */ = {
			isa = PBXVariantGroup;
			children = (
				88B53F8E2A30B7C1003DEE96 /* Base */,
			);
			name = LaunchScreen.storyboard;
			sourceTree = "<group>";
		};
/* End PBXVariantGroup section */

/* Begin XCBuildConfiguration section */
		88B53F912A30B7C1003DEE96 /* Debug */ = {
			isa = XCBuildConfiguration;
			buildSettings = {
				ALWAYS_SEARCH_USER_PATHS = NO;
				CLANG_ANALYZER_NONNULL = YES;
				CLANG_ANALYZER_NUMBER_OBJECT_CONVERSION = YES_AGGRESSIVE;
				CLANG_CXX_LANGUAGE_STANDARD = "gnu++20";
				CLANG_ENABLE_MODULES = YES;
				CLANG_ENABLE_OBJC_ARC = YES;
				CLANG_ENABLE_OBJC_WEAK = YES;
				CLANG_WARN_BLOCK_CAPTURE_AUTORELEASING = YES;
				CLANG_WARN_BOOL_CONVERSION = YES;
				CLANG_WARN_COMMA = YES;
				CLANG_WARN_CONSTANT_CONVERSION = YES;
				CLANG_WARN_DEPRECATED_OBJC_IMPLEMENTATIONS = YES;
				CLANG_WARN_DIRECT_OBJC_ISA_USAGE = YES_ERROR;
				CLANG_WARN_DOCUMENTATION_COMMENTS = YES;
				CLANG_WARN_EMPTY_BODY = YES;
				CLANG_WARN_ENUM_CONVERSION = YES;
				CLANG_WARN_INFINITE_RECURSION = YES;
				CLANG_WARN_INT_CONVERSION = YES;
				CLANG_WARN_NON_LITERAL_NULL_CONVERSION = YES;
				CLANG_WARN_OBJC_IMPLICIT_RETAIN_SELF = YES;
				CLANG_WARN_OBJC_LITERAL_CONVERSION = YES;
				CLANG_WARN_OBJC_ROOT_CLASS = YES_ERROR;
				CLANG_WARN_QUOTED_INCLUDE_IN_FRAMEWORK_HEADER = YES;
				CLANG_WARN_RANGE_LOOP_ANALYSIS = YES;
				CLANG_WARN_STRICT_PROTOTYPES = YES;
				CLANG_WARN_SUSPICIOUS_MOVE = YES;
				CLANG_WARN_UNGUARDED_AVAILABILITY = YES_AGGRESSIVE;
				CLANG_WARN_UNREACHABLE_CODE = YES;
				CLANG_WARN__DUPLICATE_METHOD_MATCH = YES;
				COPY_PHASE_STRIP = NO;
				DEBUG_INFORMATION_FORMAT = dwarf;
				ENABLE_STRICT_OBJC_MSGSEND = YES;
				ENABLE_TESTABILITY = YES;
				GCC_C_LANGUAGE_STANDARD = gnu11;
				GCC_DYNAMIC_NO_PIC = NO;
				GCC_NO_COMMON_BLOCKS = YES;
				GCC_OPTIMIZATION_LEVEL = 0;
				GCC_PREPROCESSOR_DEFINITIONS = (
					"DEBUG=1",
					"$(inherited)",
				);
				GCC_WARN_64_TO_32_BIT_CONVERSION = YES;
				GCC_WARN_ABOUT_RETURN_TYPE = YES_ERROR;
				GCC_WARN_UNDECLARED_SELECTOR = YES;
				GCC_WARN_UNINITIALIZED_AUTOS = YES_AGGRESSIVE;
				GCC_WARN_UNUSED_FUNCTION = YES;
				GCC_WARN_UNUSED_VARIABLE = YES;
				IPHONEOS_DEPLOYMENT_TARGET = 16.0;
				MTL_ENABLE_DEBUG_INFO = INCLUDE_SOURCE;
				MTL_FAST_MATH = YES;
				ONLY_ACTIVE_ARCH = YES;
				SDKROOT = iphoneos;
				SWIFT_ACTIVE_COMPILATION_CONDITIONS = DEBUG;
				SWIFT_OPTIMIZATION_LEVEL = "-Onone";
			};
			name = Debug;
		};
		88B53F922A30B7C1003DEE96 /* Release */ = {
			isa = XCBuildConfiguration;
			buildSettings = {
				ALWAYS_SEARCH_USER_PATHS = NO;
				CLANG_ANALYZER_NONNULL = YES;
				CLANG_ANALYZER_NUMBER_OBJECT_CONVERSION = YES_AGGRESSIVE;
				CLANG_CXX_LANGUAGE_STANDARD = "gnu++20";
				CLANG_ENABLE_MODULES = YES;
				CLANG_ENABLE_OBJC_ARC = YES;
				CLANG_ENABLE_OBJC_WEAK = YES;
				CLANG_WARN_BLOCK_CAPTURE_AUTORELEASING = YES;
				CLANG_WARN_BOOL_CONVERSION = YES;
				CLANG_WARN_COMMA = YES;
				CLANG_WARN_CONSTANT_CONVERSION = YES;
				CLANG_WARN_DEPRECATED_OBJC_IMPLEMENTATIONS = YES;
				CLANG_WARN_DIRECT_OBJC_ISA_USAGE = YES_ERROR;
				CLANG_WARN_DOCUMENTATION_COMMENTS = YES;
				CLANG_WARN_EMPTY_BODY = YES;
				CLANG_WARN_ENUM_CONVERSION = YES;
				CLANG_WARN_INFINITE_RECURSION = YES;
				CLANG_WARN_INT_CONVERSION = YES;
				CLANG_WARN_NON_LITERAL_NULL_CONVERSION = YES;
				CLANG_WARN_OBJC_IMPLICIT_RETAIN_SELF = YES;
				CLANG_WARN_OBJC_LITERAL_CONVERSION = YES;
				CLANG_WARN_OBJC_ROOT_CLASS = YES_ERROR;
				CLANG_WARN_QUOTED_INCLUDE_IN_FRAMEWORK_HEADER = YES;
				CLANG_WARN_RANGE_LOOP_ANALYSIS = YES;
				CLANG_WARN_STRICT_PROTOTYPES = YES;
				CLANG_WARN_SUSPICIOUS_MOVE = YES;
				CLANG_WARN_UNGUARDED_AVAILABILITY = YES_AGGRESSIVE;
				CLANG_WARN_UNREACHABLE_CODE = YES;
				CLANG_WARN__DUPLICATE_METHOD_MATCH = YES;
				COPY_PHASE_STRIP = NO;
				DEBUG_INFORMATION_FORMAT = "dwarf-with-dsym";
				ENABLE_NS_ASSERTIONS = NO;
				ENABLE_STRICT_OBJC_MSGSEND = YES;
				GCC_C_LANGUAGE_STANDARD = gnu11;
				GCC_NO_COMMON_BLOCKS = YES;
				GCC_WARN_64_TO_32_BIT_CONVERSION = YES;
				GCC_WARN_ABOUT_RETURN_TYPE = YES_ERROR;
				GCC_WARN_UNDECLARED_SELECTOR = YES;
				GCC_WARN_UNINITIALIZED_AUTOS = YES_AGGRESSIVE;
				GCC_WARN_UNUSED_FUNCTION = YES;
				GCC_WARN_UNUSED_VARIABLE = YES;
				IPHONEOS_DEPLOYMENT_TARGET = 16.0;
				MTL_ENABLE_DEBUG_INFO = NO;
				MTL_FAST_MATH = YES;
				SDKROOT = iphoneos;
				SWIFT_COMPILATION_MODE = wholemodule;
				SWIFT_OPTIMIZATION_LEVEL = "-O";
				VALIDATE_PRODUCT = YES;
			};
			name = Release;
		};
		88B53F942A30B7C1003DEE96 /* Debug */ = {
			isa = XCBuildConfiguration;
			baseConfigurationReference = A5FBA004E582F0D3C7E9A899 /* Pods-RADO.debug.xcconfig */;
			buildSettings = {
				ASSETCATALOG_COMPILER_APPICON_NAME = AppIcon;
				ASSETCATALOG_COMPILER_GLOBAL_ACCENT_COLOR_NAME = AccentColor;
				CODE_SIGN_STYLE = Automatic;
				CURRENT_PROJECT_VERSION = 1;
				DEVELOPMENT_TEAM = 8836BP5ACL;
				GENERATE_INFOPLIST_FILE = YES;
				INFOPLIST_FILE = RADO/Info.plist;
				INFOPLIST_KEY_UIApplicationSupportsIndirectInputEvents = YES;
				INFOPLIST_KEY_UILaunchStoryboardName = LaunchScreen;
				INFOPLIST_KEY_UISupportedInterfaceOrientations_iPad = "UIInterfaceOrientationPortrait UIInterfaceOrientationPortraitUpsideDown UIInterfaceOrientationLandscapeLeft UIInterfaceOrientationLandscapeRight";
				INFOPLIST_KEY_UISupportedInterfaceOrientations_iPhone = "UIInterfaceOrientationPortrait UIInterfaceOrientationLandscapeLeft UIInterfaceOrientationLandscapeRight";
				LD_RUNPATH_SEARCH_PATHS = (
					"$(inherited)",
					"@executable_path/Frameworks",
				);
				MARKETING_VERSION = 1.0;
				PRODUCT_BUNDLE_IDENTIFIER = myproject.RADO;
				PRODUCT_NAME = "$(TARGET_NAME)";
				SWIFT_EMIT_LOC_STRINGS = YES;
				SWIFT_VERSION = 5.0;
				TARGETED_DEVICE_FAMILY = "1,2";
			};
			name = Debug;
		};
		88B53F952A30B7C1003DEE96 /* Release */ = {
			isa = XCBuildConfiguration;
			baseConfigurationReference = 7AB1FB23B6B55A8900FB3060 /* Pods-RADO.release.xcconfig */;
			buildSettings = {
				ASSETCATALOG_COMPILER_APPICON_NAME = AppIcon;
				ASSETCATALOG_COMPILER_GLOBAL_ACCENT_COLOR_NAME = AccentColor;
				CODE_SIGN_STYLE = Automatic;
				CURRENT_PROJECT_VERSION = 1;
				DEVELOPMENT_TEAM = 8836BP5ACL;
				GENERATE_INFOPLIST_FILE = YES;
				INFOPLIST_FILE = RADO/Info.plist;
				INFOPLIST_KEY_UIApplicationSupportsIndirectInputEvents = YES;
				INFOPLIST_KEY_UILaunchStoryboardName = LaunchScreen;
				INFOPLIST_KEY_UISupportedInterfaceOrientations_iPad = "UIInterfaceOrientationPortrait UIInterfaceOrientationPortraitUpsideDown UIInterfaceOrientationLandscapeLeft UIInterfaceOrientationLandscapeRight";
				INFOPLIST_KEY_UISupportedInterfaceOrientations_iPhone = "UIInterfaceOrientationPortrait UIInterfaceOrientationLandscapeLeft UIInterfaceOrientationLandscapeRight";
				LD_RUNPATH_SEARCH_PATHS = (
					"$(inherited)",
					"@executable_path/Frameworks",
				);
				MARKETING_VERSION = 1.0;
				PRODUCT_BUNDLE_IDENTIFIER = myproject.RADO;
				PRODUCT_NAME = "$(TARGET_NAME)";
				SWIFT_EMIT_LOC_STRINGS = YES;
				SWIFT_VERSION = 5.0;
				TARGETED_DEVICE_FAMILY = "1,2";
			};
			name = Release;
		};
/* End XCBuildConfiguration section */

/* Begin XCConfigurationList section */
		88B53F7A2A30B7C0003DEE96 /* Build configuration list for PBXProject "RADO" */ = {
			isa = XCConfigurationList;
			buildConfigurations = (
				88B53F912A30B7C1003DEE96 /* Debug */,
				88B53F922A30B7C1003DEE96 /* Release */,
			);
			defaultConfigurationIsVisible = 0;
			defaultConfigurationName = Release;
		};
		88B53F932A30B7C1003DEE96 /* Build configuration list for PBXNativeTarget "RADO" */ = {
			isa = XCConfigurationList;
			buildConfigurations = (
				88B53F942A30B7C1003DEE96 /* Debug */,
				88B53F952A30B7C1003DEE96 /* Release */,
			);
			defaultConfigurationIsVisible = 0;
			defaultConfigurationName = Release;
		};
/* End XCConfigurationList section */
	};
	rootObject = 88B53F772A30B7C0003DEE96 /* Project object */;
}
